
Microsoft Visual Studio Solution File, Format Version 12.00
# Visual Studio Version 16
VisualStudioVersion = 16.0.30523.141
MinimumVisualStudioVersion = 10.0.40219.1
Project("{FAE04EC0-301F-11D3-BF4B-00C04F79EFBC}") = "TpFinalCSharp", "TpFinalCSharp\TpFinalCSharp.csproj", "{FA0C4C7E-522C-4B51-B78E-A02A398FA2A9}"
EndProject
Global
	GlobalSection(SolutionConfigurationPlatforms) = preSolution
		Debug|Any CPU = Debug|Any CPU
		Release|Any CPU = Release|Any CPU
	EndGlobalSection
	GlobalSection(ProjectConfigurationPlatforms) = postSolution
		{FA0C4C7E-522C-4B51-B78E-A02A398FA2A9}.Debug|Any CPU.ActiveCfg = Debug|Any CPU
		{FA0C4C7E-522C-4B51-B78E-A02A398FA2A9}.Debug|Any CPU.Build.0 = Debug|Any CPU
		{FA0C4C7E-522C-4B51-B78E-A02A398FA2A9}.Release|Any CPU.ActiveCfg = Release|Any CPU
		{FA0C4C7E-522C-4B51-B78E-A02A398FA2A9}.Release|Any CPU.Build.0 = Release|Any CPU
	EndGlobalSection
	GlobalSection(SolutionProperties) = preSolution
		HideSolutionNode = FALSE
	EndGlobalSection
	GlobalSection(ExtensibilityGlobals) = postSolution
		SolutionGuid = {8E657538-731D-486F-8684-F54FA3126315}
	EndGlobalSection
EndGlobal
